// !$*UTF8*$!
{
	archiveVersion = 1;
	classes = {
	};
	objectVersion = 46;
	objects = {

/* Begin PBXBuildFile section */
		D7509AFD1B500E8000B5FD3E /* AppDelegate.swift in Sources */ = {isa = PBXBuildFile; fileRef = D7509AFC1B500E8000B5FD3E /* AppDelegate.swift */; };
		D7509AFF1B500E8000B5FD3E /* ViewController.swift in Sources */ = {isa = PBXBuildFile; fileRef = D7509AFE1B500E8000B5FD3E /* ViewController.swift */; };
		D7509B011B500E8000B5FD3E /* Images.xcassets in Resources */ = {isa = PBXBuildFile; fileRef = D7509B001B500E8000B5FD3E /* Images.xcassets */; };
		D7509B041B500E8000B5FD3E /* Main.storyboard in Resources */ = {isa = PBXBuildFile; fileRef = D7509B021B500E8000B5FD3E /* Main.storyboard */; };
		D7509B101B500E8000B5FD3E /* LympiControlTests.swift in Sources */ = {isa = PBXBuildFile; fileRef = D7509B0F1B500E8000B5FD3E /* LympiControlTests.swift */; };
/* End PBXBuildFile section */

/* Begin PBXContainerItemProxy section */
		D7509B0A1B500E8000B5FD3E /* PBXContainerItemProxy */ = {
			isa = PBXContainerItemProxy;
			containerPortal = D7509AEF1B500E8000B5FD3E /* Project object */;
			proxyType = 1;
			remoteGlobalIDString = D7509AF61B500E8000B5FD3E;
			remoteInfo = LympiControl;
		};
/* End PBXContainerItemProxy section */

/* Begin PBXFileReference section */
		D7509AF71B500E8000B5FD3E /* LympiControl.app */ = {isa = PBXFileReference; explicitFileType = wrapper.application; includeInIndex = 0; path = LympiControl.app; sourceTree = BUILT_PRODUCTS_DIR; };
		D7509AFB1B500E8000B5FD3E /* Info.plist */ = {isa = PBXFileReference; lastKnownFileType = text.plist.xml; path = Info.plist; sourceTree = "<group>"; };
		D7509AFC1B500E8000B5FD3E /* AppDelegate.swift */ = {isa = PBXFileReference; lastKnownFileType = sourcecode.swift; path = AppDelegate.swift; sourceTree = "<group>"; };
		D7509AFE1B500E8000B5FD3E /* ViewController.swift */ = {isa = PBXFileReference; lastKnownFileType = sourcecode.swift; path = ViewController.swift; sourceTree = "<group>"; };
		D7509B001B500E8000B5FD3E /* Images.xcassets */ = {isa = PBXFileReference; lastKnownFileType = folder.assetcatalog; path = Images.xcassets; sourceTree = "<group>"; };
		D7509B031B500E8000B5FD3E /* Base */ = {isa = PBXFileReference; lastKnownFileType = file.storyboard; name = Base; path = Base.lproj/Main.storyboard; sourceTree = "<group>"; };
		D7509B091B500E8000B5FD3E /* LympiControlTests.xctest */ = {isa = PBXFileReference; explicitFileType = wrapper.cfbundle; includeInIndex = 0; path = LympiControlTests.xctest; sourceTree = BUILT_PRODUCTS_DIR; };
		D7509B0E1B500E8000B5FD3E /* Info.plist */ = {isa = PBXFileReference; lastKnownFileType = text.plist.xml; path = Info.plist; sourceTree = "<group>"; };
		D7509B0F1B500E8000B5FD3E /* LympiControlTests.swift */ = {isa = PBXFileReference; lastKnownFileType = sourcecode.swift; path = LympiControlTests.swift; sourceTree = "<group>"; };
/* End PBXFileReference section */

/* Begin PBXFrameworksBuildPhase section */
		D7509AF41B500E8000B5FD3E /* Frameworks */ = {
			isa = PBXFrameworksBuildPhase;
			buildActionMask = 2147483647;
			files = (
			);
			runOnlyForDeploymentPostprocessing = 0;
		};
		D7509B061B500E8000B5FD3E /* Frameworks */ = {
			isa = PBXFrameworksBuildPhase;
			buildActionMask = 2147483647;
			files = (
			);
			runOnlyForDeploymentPostprocessing = 0;
		};
/* End PBXFrameworksBuildPhase section */

/* Begin PBXGroup section */
		D7509AEE1B500E8000B5FD3E = {
			isa = PBXGroup;
			children = (
				D7509AF91B500E8000B5FD3E /* LympiControl */,
				D7509B0C1B500E8000B5FD3E /* LympiControlTests */,
				D7509AF81B500E8000B5FD3E /* Products */,
			);
			sourceTree = "<group>";
		};
		D7509AF81B500E8000B5FD3E /* Products */ = {
			isa = PBXGroup;
			children = (
				D7509AF71B500E8000B5FD3E /* LympiControl.app */,
				D7509B091B500E8000B5FD3E /* LympiControlTests.xctest */,
			);
			name = Products;
			sourceTree = "<group>";
		};
		D7509AF91B500E8000B5FD3E /* LympiControl */ = {
			isa = PBXGroup;
			children = (
				D7509AFC1B500E8000B5FD3E /* AppDelegate.swift */,
				D7509AFE1B500E8000B5FD3E /* ViewController.swift */,
				D7509B001B500E8000B5FD3E /* Images.xcassets */,
				D7509B021B500E8000B5FD3E /* Main.storyboard */,
				D7509AFA1B500E8000B5FD3E /* Supporting Files */,
			);
			path = LympiControl;
			sourceTree = "<group>";
		};
		D7509AFA1B500E8000B5FD3E /* Supporting Files */ = {
			isa = PBXGroup;
			children = (
				D7509AFB1B500E8000B5FD3E /* Info.plist */,
			);
			name = "Supporting Files";
			sourceTree = "<group>";
		};
		D7509B0C1B500E8000B5FD3E /* LympiControlTests */ = {
			isa = PBXGroup;
			children = (
				D7509B0F1B500E8000B5FD3E /* LympiControlTests.swift */,
				D7509B0D1B500E8000B5FD3E /* Supporting Files */,
			);
			path = LympiControlTests;
			sourceTree = "<group>";
		};
		D7509B0D1B500E8000B5FD3E /* Supporting Files */ = {
			isa = PBXGroup;
			children = (
				D7509B0E1B500E8000B5FD3E /* Info.plist */,
			);
			name = "Supporting Files";
			sourceTree = "<group>";
		};
/* End PBXGroup section */

/* Begin PBXNativeTarget section */
		D7509AF61B500E8000B5FD3E /* LympiControl */ = {
			isa = PBXNativeTarget;
			buildConfigurationList = D7509B131B500E8000B5FD3E /* Build configuration list for PBXNativeTarget "LympiControl" */;
			buildPhases = (
				D7509AF31B500E8000B5FD3E /* Sources */,
				D7509AF41B500E8000B5FD3E /* Frameworks */,
				D7509AF51B500E8000B5FD3E /* Resources */,
			);
			buildRules = (
			);
			dependencies = (
			);
			name = LympiControl;
			productName = LympiControl;
			productReference = D7509AF71B500E8000B5FD3E /* LympiControl.app */;
			productType = "com.apple.product-type.application";
		};
		D7509B081B500E8000B5FD3E /* LympiControlTests */ = {
			isa = PBXNativeTarget;
			buildConfigurationList = D7509B161B500E8000B5FD3E /* Build configuration list for PBXNativeTarget "LympiControlTests" */;
			buildPhases = (
				D7509B051B500E8000B5FD3E /* Sources */,
				D7509B061B500E8000B5FD3E /* Frameworks */,
				D7509B071B500E8000B5FD3E /* Resources */,
			);
			buildRules = (
			);
			dependencies = (
				D7509B0B1B500E8000B5FD3E /* PBXTargetDependency */,
			);
			name = LympiControlTests;
			productName = LympiControlTests;
			productReference = D7509B091B500E8000B5FD3E /* LympiControlTests.xctest */;
			productType = "com.apple.product-type.bundle.unit-test";
		};
/* End PBXNativeTarget section */

/* Begin PBXProject section */
		D7509AEF1B500E8000B5FD3E /* Project object */ = {
			isa = PBXProject;
			attributes = {
				LastUpgradeCheck = 0640;
				ORGANIZATIONNAME = "David Bohn";
				TargetAttributes = {
					D7509AF61B500E8000B5FD3E = {
						CreatedOnToolsVersion = 6.4;
					};
					D7509B081B500E8000B5FD3E = {
						CreatedOnToolsVersion = 6.4;
						TestTargetID = D7509AF61B500E8000B5FD3E;
					};
				};
			};
			buildConfigurationList = D7509AF21B500E8000B5FD3E /* Build configuration list for PBXProject "LympiControl" */;
			compatibilityVersion = "Xcode 3.2";
			developmentRegion = English;
			hasScannedForEncodings = 0;
			knownRegions = (
				en,
				Base,
			);
			mainGroup = D7509AEE1B500E8000B5FD3E;
			productRefGroup = D7509AF81B500E8000B5FD3E /* Products */;
			projectDirPath = "";
			projectRoot = "";
			targets = (
				D7509AF61B500E8000B5FD3E /* LympiControl */,
				D7509B081B500E8000B5FD3E /* LympiControlTests */,
			);
		};
/* End PBXProject section */

/* Begin PBXResourcesBuildPhase section */
		D7509AF51B500E8000B5FD3E /* Resources */ = {
			isa = PBXResourcesBuildPhase;
			buildActionMask = 2147483647;
			files = (
				D7509B011B500E8000B5FD3E /* Images.xcassets in Resources */,
				D7509B041B500E8000B5FD3E /* Main.storyboard in Resources */,
			);
			runOnlyForDeploymentPostprocessing = 0;
		};
		D7509B071B500E8000B5FD3E /* Resources */ = {
			isa = PBXResourcesBuildPhase;
			buildActionMask = 2147483647;
			files = (
			);
			runOnlyForDeploymentPostprocessing = 0;
		};
/* End PBXResourcesBuildPhase section */

/* Begin PBXSourcesBuildPhase section */
		D7509AF31B500E8000B5FD3E /* Sources */ = {
			isa = PBXSourcesBuildPhase;
			buildActionMask = 2147483647;
			files = (
				D7509AFF1B500E8000B5FD3E /* ViewController.swift in Sources */,
				D7509AFD1B500E8000B5FD3E /* AppDelegate.swift in Sources */,
			);
			runOnlyForDeploymentPostprocessing = 0;
		};
		D7509B051B500E8000B5FD3E /* Sources */ = {
			isa = PBXSourcesBuildPhase;
			buildActionMask = 2147483647;
			files = (
				D7509B101B500E8000B5FD3E /* LympiControlTests.swift in Sources */,
			);
			runOnlyForDeploymentPostprocessing = 0;
		};
/* End PBXSourcesBuildPhase section */

/* Begin PBXTargetDependency section */
		D7509B0B1B500E8000B5FD3E /* PBXTargetDependency */ = {
			isa = PBXTargetDependency;
			target = D7509AF61B500E8000B5FD3E /* LympiControl */;
			targetProxy = D7509B0A1B500E8000B5FD3E /* PBXContainerItemProxy */;
		};
/* End PBXTargetDependency section */

/* Begin PBXVariantGroup section */
		D7509B021B500E8000B5FD3E /* Main.storyboard */ = {
			isa = PBXVariantGroup;
			children = (
				D7509B031B500E8000B5FD3E /* Base */,
			);
			name = Main.storyboard;
			sourceTree = "<group>";
		};
/* End PBXVariantGroup section */

/* Begin XCBuildConfiguration section */
		D7509B111B500E8000B5FD3E /* Debug */ = {
			isa = XCBuildConfiguration;
			buildSettings = {
				ALWAYS_SEARCH_USER_PATHS = NO;
				CLANG_CXX_LANGUAGE_STANDARD = "gnu++0x";
				CLANG_CXX_LIBRARY = "libc++";
				CLANG_ENABLE_MODULES = YES;
				CLANG_ENABLE_OBJC_ARC = YES;
				CLANG_WARN_BOOL_CONVERSION = YES;
				CLANG_WARN_CONSTANT_CONVERSION = YES;
				CLANG_WARN_DIRECT_OBJC_ISA_USAGE = YES_ERROR;
				CLANG_WARN_EMPTY_BODY = YES;
				CLANG_WARN_ENUM_CONVERSION = YES;
				CLANG_WARN_INT_CONVERSION = YES;
				CLANG_WARN_OBJC_ROOT_CLASS = YES_ERROR;
				CLANG_WARN_UNREACHABLE_CODE = YES;
				CLANG_WARN__DUPLICATE_METHOD_MATCH = YES;
				CODE_SIGN_IDENTITY = "-";
				COPY_PHASE_STRIP = NO;
				DEBUG_INFORMATION_FORMAT = dwarf;
				ENABLE_STRICT_OBJC_MSGSEND = YES;
				GCC_C_LANGUAGE_STANDARD = gnu99;
				GCC_DYNAMIC_NO_PIC = NO;
				GCC_NO_COMMON_BLOCKS = YES;
				GCC_OPTIMIZATION_LEVEL = 0;
				GCC_PREPROCESSOR_DEFINITIONS = (
					"DEBUG=1",
					"$(inherited)",
				);
				GCC_SYMBOLS_PRIVATE_EXTERN = NO;
				GCC_WARN_64_TO_32_BIT_CONVERSION = YES;
				GCC_WARN_ABOUT_RETURN_TYPE = YES_ERROR;
				GCC_WARN_UNDECLARED_SELECTOR = YES;
				GCC_WARN_UNINITIALIZED_AUTOS = YES_AGGRESSIVE;
				GCC_WARN_UNUSED_FUNCTION = YES;
				GCC_WARN_UNUSED_VARIABLE = YES;
				MACOSX_DEPLOYMENT_TARGET = 10.10;
				MTL_ENABLE_DEBUG_INFO = YES;
				ONLY_ACTIVE_ARCH = YES;
				SDKROOT = macosx;
				SWIFT_OPTIMIZATION_LEVEL = "-Onone";
			};
			name = Debug;
		};
		D7509B121B500E8000B5FD3E /* Release */ = {
			isa = XCBuildConfiguration;
			buildSettings = {
				ALWAYS_SEARCH_USER_PATHS = NO;
				CLANG_CXX_LANGUAGE_STANDARD = "gnu++0x";
				CLANG_CXX_LIBRARY = "libc++";
				CLANG_ENABLE_MODULES = YES;
				CLANG_ENABLE_OBJC_ARC = YES;
				CLANG_WARN_BOOL_CONVERSION = YES;
				CLANG_WARN_CONSTANT_CONVERSION = YES;
				CLANG_WARN_DIRECT_OBJC_ISA_USAGE = YES_ERROR;
				CLANG_WARN_EMPTY_BODY = YES;
				CLANG_WARN_ENUM_CONVERSION = YES;
				CLANG_WARN_INT_CONVERSION = YES;
				CLANG_WARN_OBJC_ROOT_CLASS = YES_ERROR;
				CLANG_WARN_UNREACHABLE_CODE = YES;
				CLANG_WARN__DUPLICATE_METHOD_MATCH = YES;
				CODE_SIGN_IDENTITY = "-";
				COPY_PHASE_STRIP = NO;
				DEBUG_INFORMATION_FORMAT = "dwarf-with-dsym";
				ENABLE_NS_ASSERTIONS = NO;
				ENABLE_STRICT_OBJC_MSGSEND = YES;
				GCC_C_LANGUAGE_STANDARD = gnu99;
				GCC_NO_COMMON_BLOCKS = YES;
				GCC_WARN_64_TO_32_BIT_CONVERSION = YES;
				GCC_WARN_ABOUT_RETURN_TYPE = YES_ERROR;
				GCC_WARN_UNDECLARED_SELECTOR = YES;
				GCC_WARN_UNINITIALIZED_AUTOS = YES_AGGRESSIVE;
				GCC_WARN_UNUSED_FUNCTION = YES;
				GCC_WARN_UNUSED_VARIABLE = YES;
				MACOSX_DEPLOYMENT_TARGET = 10.10;
				MTL_ENABLE_DEBUG_INFO = NO;
				SDKROOT = macosx;
			};
			name = Release;
		};
		D7509B141B500E8000B5FD3E /* Debug */ = {
			isa = XCBuildConfiguration;
			buildSettings = {
				ASSETCATALOG_COMPILER_APPICON_NAME = AppIcon;
				COMBINE_HIDPI_IMAGES = YES;
				INFOPLIST_FILE = LympiControl/Info.plist;
				LD_RUNPATH_SEARCH_PATHS = "$(inherited) @executable_path/../Frameworks";
				PRODUCT_NAME = "$(TARGET_NAME)";
			};
			name = Debug;
		};
		D7509B151B500E8000B5FD3E /* Release */ = {
			isa = XCBuildConfiguration;
			buildSettings = {
				ASSETCATALOG_COMPILER_APPICON_NAME = AppIcon;
				COMBINE_HIDPI_IMAGES = YES;
				INFOPLIST_FILE = LympiControl/Info.plist;
				LD_RUNPATH_SEARCH_PATHS = "$(inherited) @executable_path/../Frameworks";
				PRODUCT_NAME = "$(TARGET_NAME)";
			};
			name = Release;
		};
		D7509B171B500E8000B5FD3E /* Debug */ = {
			isa = XCBuildConfiguration;
			buildSettings = {
				BUNDLE_LOADER = "$(TEST_HOST)";
				COMBINE_HIDPI_IMAGES = YES;
				FRAMEWORK_SEARCH_PATHS = (
					"$(DEVELOPER_FRAMEWORKS_DIR)",
					"$(inherited)",
				);
				GCC_PREPROCESSOR_DEFINITIONS = (
					"DEBUG=1",
					"$(inherited)",
				);
				INFOPLIST_FILE = LympiControlTests/Info.plist;
				LD_RUNPATH_SEARCH_PATHS = "$(inherited) @executable_path/../Frameworks @loader_path/../Frameworks";
				PRODUCT_NAME = "$(TARGET_NAME)";
				TEST_HOST = "$(BUILT_PRODUCTS_DIR)/LympiControl.app/Contents/MacOS/LympiControl";
			};
			name = Debug;
		};
		D7509B181B500E8000B5FD3E /* Release */ = {
			isa = XCBuildConfiguration;
			buildSettings = {
				BUNDLE_LOADER = "$(TEST_HOST)";
				COMBINE_HIDPI_IMAGES = YES;
				FRAMEWORK_SEARCH_PATHS = (
					"$(DEVELOPER_FRAMEWORKS_DIR)",
					"$(inherited)",
				);
				INFOPLIST_FILE = LympiControlTests/Info.plist;
				LD_RUNPATH_SEARCH_PATHS = "$(inherited) @executable_path/../Frameworks @loader_path/../Frameworks";
				PRODUCT_NAME = "$(TARGET_NAME)";
				TEST_HOST = "$(BUILT_PRODUCTS_DIR)/LympiControl.app/Contents/MacOS/LympiControl";
			};
			name = Release;
		};
/* End XCBuildConfiguration section */

/* Begin XCConfigurationList section */
		D7509AF21B500E8000B5FD3E /* Build configuration list for PBXProject "LympiControl" */ = {
			isa = XCConfigurationList;
			buildConfigurations = (
				D7509B111B500E8000B5FD3E /* Debug */,
				D7509B121B500E8000B5FD3E /* Release */,
			);
			defaultConfigurationIsVisible = 0;
			defaultConfigurationName = Release;
		};
		D7509B131B500E8000B5FD3E /* Build configuration list for PBXNativeTarget "LympiControl" */ = {
			isa = XCConfigurationList;
			buildConfigurations = (
				D7509B141B500E8000B5FD3E /* Debug */,
				D7509B151B500E8000B5FD3E /* Release */,
			);
			defaultConfigurationIsVisible = 0;
		};
		D7509B161B500E8000B5FD3E /* Build configuration list for PBXNativeTarget "LympiControlTests" */ = {
			isa = XCConfigurationList;
			buildConfigurations = (
				D7509B171B500E8000B5FD3E /* Debug */,
				D7509B181B500E8000B5FD3E /* Release */,
			);
			defaultConfigurationIsVisible = 0;
		};
/* End XCConfigurationList section */
	};
	rootObject = D7509AEF1B500E8000B5FD3E /* Project object */;
}
